// !$*UTF8*$!
{
	archiveVersion = 1;
	classes = {
	};
	objectVersion = 46;
	objects = {

/* Begin PBXBuildFile section */
		0CAC7BD41CFE3ACE00B550D2 /* AppDelegate.swift in Sources */ = {isa = PBXBuildFile; fileRef = 0CAC7BD31CFE3ACE00B550D2 /* AppDelegate.swift */; };
		0CAC7BD61CFE3ACE00B550D2 /* ViewController.swift in Sources */ = {isa = PBXBuildFile; fileRef = 0CAC7BD51CFE3ACE00B550D2 /* ViewController.swift */; };
		0CAC7BD91CFE3ACE00B550D2 /* Main.storyboard in Resources */ = {isa = PBXBuildFile; fileRef = 0CAC7BD71CFE3ACE00B550D2 /* Main.storyboard */; };
		0CAC7BDB1CFE3ACE00B550D2 /* Assets.xcassets in Resources */ = {isa = PBXBuildFile; fileRef = 0CAC7BDA1CFE3ACE00B550D2 /* Assets.xcassets */; };
		0CAC7BDE1CFE3ACE00B550D2 /* LaunchScreen.storyboard in Resources */ = {isa = PBXBuildFile; fileRef = 0CAC7BDC1CFE3ACE00B550D2 /* LaunchScreen.storyboard */; };
		0CAC7BE91CFE3ACF00B550D2 /* CoolculatorTests.swift in Sources */ = {isa = PBXBuildFile; fileRef = 0CAC7BE81CFE3ACF00B550D2 /* CoolculatorTests.swift */; };
		0CAC7BF41CFE3ACF00B550D2 /* CoolculatorUITests.swift in Sources */ = {isa = PBXBuildFile; fileRef = 0CAC7BF31CFE3ACF00B550D2 /* CoolculatorUITests.swift */; };
/* End PBXBuildFile section */

/* Begin PBXContainerItemProxy section */
		0CAC7BE51CFE3ACF00B550D2 /* PBXContainerItemProxy */ = {
			isa = PBXContainerItemProxy;
			containerPortal = 0CAC7BC81CFE3ACE00B550D2 /* Project object */;
			proxyType = 1;
			remoteGlobalIDString = 0CAC7BCF1CFE3ACE00B550D2;
			remoteInfo = Coolculator;
		};
		0CAC7BF01CFE3ACF00B550D2 /* PBXContainerItemProxy */ = {
			isa = PBXContainerItemProxy;
			containerPortal = 0CAC7BC81CFE3ACE00B550D2 /* Project object */;
			proxyType = 1;
			remoteGlobalIDString = 0CAC7BCF1CFE3ACE00B550D2;
			remoteInfo = Coolculator;
		};
/* End PBXContainerItemProxy section */

/* Begin PBXFileReference section */
		0CAC7BD01CFE3ACE00B550D2 /* Coolculator.app */ = {isa = PBXFileReference; explicitFileType = wrapper.application; includeInIndex = 0; path = Coolculator.app; sourceTree = BUILT_PRODUCTS_DIR; };
		0CAC7BD31CFE3ACE00B550D2 /* AppDelegate.swift */ = {isa = PBXFileReference; lastKnownFileType = sourcecode.swift; path = AppDelegate.swift; sourceTree = "<group>"; };
		0CAC7BD51CFE3ACE00B550D2 /* ViewController.swift */ = {isa = PBXFileReference; lastKnownFileType = sourcecode.swift; path = ViewController.swift; sourceTree = "<group>"; };
		0CAC7BD81CFE3ACE00B550D2 /* Base */ = {isa = PBXFileReference; lastKnownFileType = file.storyboard; name = Base; path = Base.lproj/Main.storyboard; sourceTree = "<group>"; };
		0CAC7BDA1CFE3ACE00B550D2 /* Assets.xcassets */ = {isa = PBXFileReference; lastKnownFileType = folder.assetcatalog; path = Assets.xcassets; sourceTree = "<group>"; };
		0CAC7BDD1CFE3ACE00B550D2 /* Base */ = {isa = PBXFileReference; lastKnownFileType = file.storyboard; name = Base; path = Base.lproj/LaunchScreen.storyboard; sourceTree = "<group>"; };
		0CAC7BDF1CFE3ACE00B550D2 /* Info.plist */ = {isa = PBXFileReference; lastKnownFileType = text.plist.xml; path = Info.plist; sourceTree = "<group>"; };
		0CAC7BE41CFE3ACF00B550D2 /* CoolculatorTests.xctest */ = {isa = PBXFileReference; explicitFileType = wrapper.cfbundle; includeInIndex = 0; path = CoolculatorTests.xctest; sourceTree = BUILT_PRODUCTS_DIR; };
		0CAC7BE81CFE3ACF00B550D2 /* CoolculatorTests.swift */ = {isa = PBXFileReference; lastKnownFileType = sourcecode.swift; path = CoolculatorTests.swift; sourceTree = "<group>"; };
		0CAC7BEA1CFE3ACF00B550D2 /* Info.plist */ = {isa = PBXFileReference; lastKnownFileType = text.plist.xml; path = Info.plist; sourceTree = "<group>"; };
		0CAC7BEF1CFE3ACF00B550D2 /* CoolculatorUITests.xctest */ = {isa = PBXFileReference; explicitFileType = wrapper.cfbundle; includeInIndex = 0; path = CoolculatorUITests.xctest; sourceTree = BUILT_PRODUCTS_DIR; };
		0CAC7BF31CFE3ACF00B550D2 /* CoolculatorUITests.swift */ = {isa = PBXFileReference; lastKnownFileType = sourcecode.swift; path = CoolculatorUITests.swift; sourceTree = "<group>"; };
		0CAC7BF51CFE3ACF00B550D2 /* Info.plist */ = {isa = PBXFileReference; lastKnownFileType = text.plist.xml; path = Info.plist; sourceTree = "<group>"; };
/* End PBXFileReference section */

/* Begin PBXFrameworksBuildPhase section */
		0CAC7BCD1CFE3ACE00B550D2 /* Frameworks */ = {
			isa = PBXFrameworksBuildPhase;
			buildActionMask = 2147483647;
			files = (
			);
			runOnlyForDeploymentPostprocessing = 0;
		};
		0CAC7BE11CFE3ACF00B550D2 /* Frameworks */ = {
			isa = PBXFrameworksBuildPhase;
			buildActionMask = 2147483647;
			files = (
			);
			runOnlyForDeploymentPostprocessing = 0;
		};
		0CAC7BEC1CFE3ACF00B550D2 /* Frameworks */ = {
			isa = PBXFrameworksBuildPhase;
			buildActionMask = 2147483647;
			files = (
			);
			runOnlyForDeploymentPostprocessing = 0;
		};
/* End PBXFrameworksBuildPhase section */

/* Begin PBXGroup section */
		0CAC7BC71CFE3ACE00B550D2 = {
			isa = PBXGroup;
			children = (
				0CAC7BD21CFE3ACE00B550D2 /* Coolculator */,
				0CAC7BE71CFE3ACF00B550D2 /* CoolculatorTests */,
				0CAC7BF21CFE3ACF00B550D2 /* CoolculatorUITests */,
				0CAC7BD11CFE3ACE00B550D2 /* Products */,
			);
			sourceTree = "<group>";
		};
		0CAC7BD11CFE3ACE00B550D2 /* Products */ = {
			isa = PBXGroup;
			children = (
				0CAC7BD01CFE3ACE00B550D2 /* Coolculator.app */,
				0CAC7BE41CFE3ACF00B550D2 /* CoolculatorTests.xctest */,
				0CAC7BEF1CFE3ACF00B550D2 /* CoolculatorUITests.xctest */,
			);
			name = Products;
			sourceTree = "<group>";
		};
		0CAC7BD21CFE3ACE00B550D2 /* Coolculator */ = {
			isa = PBXGroup;
			children = (
				0CAC7BD31CFE3ACE00B550D2 /* AppDelegate.swift */,
				0CAC7BD51CFE3ACE00B550D2 /* ViewController.swift */,
				0CAC7BD71CFE3ACE00B550D2 /* Main.storyboard */,
				0CAC7BDA1CFE3ACE00B550D2 /* Assets.xcassets */,
				0CAC7BDC1CFE3ACE00B550D2 /* LaunchScreen.storyboard */,
				0CAC7BDF1CFE3ACE00B550D2 /* Info.plist */,
			);
			path = Coolculator;
			sourceTree = "<group>";
		};
		0CAC7BE71CFE3ACF00B550D2 /* CoolculatorTests */ = {
			isa = PBXGroup;
			children = (
				0CAC7BE81CFE3ACF00B550D2 /* CoolculatorTests.swift */,
				0CAC7BEA1CFE3ACF00B550D2 /* Info.plist */,
			);
			path = CoolculatorTests;
			sourceTree = "<group>";
		};
		0CAC7BF21CFE3ACF00B550D2 /* CoolculatorUITests */ = {
			isa = PBXGroup;
			children = (
				0CAC7BF31CFE3ACF00B550D2 /* CoolculatorUITests.swift */,
				0CAC7BF51CFE3ACF00B550D2 /* Info.plist */,
			);
			path = CoolculatorUITests;
			sourceTree = "<group>";
		};
/* End PBXGroup section */

/* Begin PBXNativeTarget section */
		0CAC7BCF1CFE3ACE00B550D2 /* Coolculator */ = {
			isa = PBXNativeTarget;
			buildConfigurationList = 0CAC7BF81CFE3ACF00B550D2 /* Build configuration list for PBXNativeTarget "Coolculator" */;
			buildPhases = (
				0CAC7BCC1CFE3ACE00B550D2 /* Sources */,
				0CAC7BCD1CFE3ACE00B550D2 /* Frameworks */,
				0CAC7BCE1CFE3ACE00B550D2 /* Resources */,
			);
			buildRules = (
			);
			dependencies = (
			);
			name = Coolculator;
			productName = Coolculator;
			productReference = 0CAC7BD01CFE3ACE00B550D2 /* Coolculator.app */;
			productType = "com.apple.product-type.application";
		};
		0CAC7BE31CFE3ACF00B550D2 /* CoolculatorTests */ = {
			isa = PBXNativeTarget;
			buildConfigurationList = 0CAC7BFB1CFE3ACF00B550D2 /* Build configuration list for PBXNativeTarget "CoolculatorTests" */;
			buildPhases = (
				0CAC7BE01CFE3ACF00B550D2 /* Sources */,
				0CAC7BE11CFE3ACF00B550D2 /* Frameworks */,
				0CAC7BE21CFE3ACF00B550D2 /* Resources */,
			);
			buildRules = (
			);
			dependencies = (
				0CAC7BE61CFE3ACF00B550D2 /* PBXTargetDependency */,
			);
			name = CoolculatorTests;
			productName = CoolculatorTests;
			productReference = 0CAC7BE41CFE3ACF00B550D2 /* CoolculatorTests.xctest */;
			productType = "com.apple.product-type.bundle.unit-test";
		};
		0CAC7BEE1CFE3ACF00B550D2 /* CoolculatorUITests */ = {
			isa = PBXNativeTarget;
			buildConfigurationList = 0CAC7BFE1CFE3ACF00B550D2 /* Build configuration list for PBXNativeTarget "CoolculatorUITests" */;
			buildPhases = (
				0CAC7BEB1CFE3ACF00B550D2 /* Sources */,
				0CAC7BEC1CFE3ACF00B550D2 /* Frameworks */,
				0CAC7BED1CFE3ACF00B550D2 /* Resources */,
			);
			buildRules = (
			);
			dependencies = (
				0CAC7BF11CFE3ACF00B550D2 /* PBXTargetDependency */,
			);
			name = CoolculatorUITests;
			productName = CoolculatorUITests;
			productReference = 0CAC7BEF1CFE3ACF00B550D2 /* CoolculatorUITests.xctest */;
			productType = "com.apple.product-type.bundle.ui-testing";
		};
/* End PBXNativeTarget section */

/* Begin PBXProject section */
		0CAC7BC81CFE3ACE00B550D2 /* Project object */ = {
			isa = PBXProject;
			attributes = {
				LastSwiftUpdateCheck = 0730;
				LastUpgradeCheck = 0730;
				ORGANIZATIONNAME = "Oren Aksakal";
				TargetAttributes = {
					0CAC7BCF1CFE3ACE00B550D2 = {
						CreatedOnToolsVersion = 7.3;
						DevelopmentTeam = 5F8WST6J9A;
					};
					0CAC7BE31CFE3ACF00B550D2 = {
						CreatedOnToolsVersion = 7.3;
						TestTargetID = 0CAC7BCF1CFE3ACE00B550D2;
					};
					0CAC7BEE1CFE3ACF00B550D2 = {
						CreatedOnToolsVersion = 7.3;
						TestTargetID = 0CAC7BCF1CFE3ACE00B550D2;
					};
				};
			};
			buildConfigurationList = 0CAC7BCB1CFE3ACE00B550D2 /* Build configuration list for PBXProject "Coolculator" */;
			compatibilityVersion = "Xcode 3.2";
			developmentRegion = English;
			hasScannedForEncodings = 0;
			knownRegions = (
				en,
				Base,
			);
			mainGroup = 0CAC7BC71CFE3ACE00B550D2;
			productRefGroup = 0CAC7BD11CFE3ACE00B550D2 /* Products */;
			projectDirPath = "";
			projectRoot = "";
			targets = (
				0CAC7BCF1CFE3ACE00B550D2 /* Coolculator */,
				0CAC7BE31CFE3ACF00B550D2 /* CoolculatorTests */,
				0CAC7BEE1CFE3ACF00B550D2 /* CoolculatorUITests */,
			);
		};
/* End PBXProject section */

/* Begin PBXResourcesBuildPhase section */
		0CAC7BCE1CFE3ACE00B550D2 /* Resources */ = {
			isa = PBXResourcesBuildPhase;
			buildActionMask = 2147483647;
			files = (
				0CAC7BDE1CFE3ACE00B550D2 /* LaunchScreen.storyboard in Resources */,
				0CAC7BDB1CFE3ACE00B550D2 /* Assets.xcassets in Resources */,
				0CAC7BD91CFE3ACE00B550D2 /* Main.storyboard in Resources */,
			);
			runOnlyForDeploymentPostprocessing = 0;
		};
		0CAC7BE21CFE3ACF00B550D2 /* Resources */ = {
			isa = PBXResourcesBuildPhase;
			buildActionMask = 2147483647;
			files = (
			);
			runOnlyForDeploymentPostprocessing = 0;
		};
		0CAC7BED1CFE3ACF00B550D2 /* Resources */ = {
			isa = PBXResourcesBuildPhase;
			buildActionMask = 2147483647;
			files = (
			);
			runOnlyForDeploymentPostprocessing = 0;
		};
/* End PBXResourcesBuildPhase section */

/* Begin PBXSourcesBuildPhase section */
		0CAC7BCC1CFE3ACE00B550D2 /* Sources */ = {
			isa = PBXSourcesBuildPhase;
			buildActionMask = 2147483647;
			files = (
				0CAC7BD61CFE3ACE00B550D2 /* ViewController.swift in Sources */,
				0CAC7BD41CFE3ACE00B550D2 /* AppDelegate.swift in Sources */,
			);
			runOnlyForDeploymentPostprocessing = 0;
		};
		0CAC7BE01CFE3ACF00B550D2 /* Sources */ = {
			isa = PBXSourcesBuildPhase;
			buildActionMask = 2147483647;
			files = (
				0CAC7BE91CFE3ACF00B550D2 /* CoolculatorTests.swift in Sources */,
			);
			runOnlyForDeploymentPostprocessing = 0;
		};
		0CAC7BEB1CFE3ACF00B550D2 /* Sources */ = {
			isa = PBXSourcesBuildPhase;
			buildActionMask = 2147483647;
			files = (
				0CAC7BF41CFE3ACF00B550D2 /* CoolculatorUITests.swift in Sources */,
			);
			runOnlyForDeploymentPostprocessing = 0;
		};
/* End PBXSourcesBuildPhase section */

/* Begin PBXTargetDependency section */
		0CAC7BE61CFE3ACF00B550D2 /* PBXTargetDependency */ = {
			isa = PBXTargetDependency;
			target = 0CAC7BCF1CFE3ACE00B550D2 /* Coolculator */;
			targetProxy = 0CAC7BE51CFE3ACF00B550D2 /* PBXContainerItemProxy */;
		};
		0CAC7BF11CFE3ACF00B550D2 /* PBXTargetDependency */ = {
			isa = PBXTargetDependency;
			target = 0CAC7BCF1CFE3ACE00B550D2 /* Coolculator */;
			targetProxy = 0CAC7BF01CFE3ACF00B550D2 /* PBXContainerItemProxy */;
		};
/* End PBXTargetDependency section */

/* Begin PBXVariantGroup section */
		0CAC7BD71CFE3ACE00B550D2 /* Main.storyboard */ = {
			isa = PBXVariantGroup;
			children = (
				0CAC7BD81CFE3ACE00B550D2 /* Base */,
			);
			name = Main.storyboard;
			sourceTree = "<group>";
		};
		0CAC7BDC1CFE3ACE00B550D2 /* LaunchScreen.storyboard */ = {
			isa = PBXVariantGroup;
			children = (
				0CAC7BDD1CFE3ACE00B550D2 /* Base */,
			);
			name = LaunchScreen.storyboard;
			sourceTree = "<group>";
		};
/* End PBXVariantGroup section */

/* Begin XCBuildConfiguration section */
		0CAC7BF61CFE3ACF00B550D2 /* Debug */ = {
			isa = XCBuildConfiguration;
			buildSettings = {
				ALWAYS_SEARCH_USER_PATHS = NO;
				CLANG_ANALYZER_NONNULL = YES;
				CLANG_CXX_LANGUAGE_STANDARD = "gnu++0x";
				CLANG_CXX_LIBRARY = "libc++";
				CLANG_ENABLE_MODULES = YES;
				CLANG_ENABLE_OBJC_ARC = YES;
				CLANG_WARN_BOOL_CONVERSION = YES;
				CLANG_WARN_CONSTANT_CONVERSION = YES;
				CLANG_WARN_DIRECT_OBJC_ISA_USAGE = YES_ERROR;
				CLANG_WARN_EMPTY_BODY = YES;
				CLANG_WARN_ENUM_CONVERSION = YES;
				CLANG_WARN_INT_CONVERSION = YES;
				CLANG_WARN_OBJC_ROOT_CLASS = YES_ERROR;
				CLANG_WARN_UNREACHABLE_CODE = YES;
				CLANG_WARN__DUPLICATE_METHOD_MATCH = YES;
				"CODE_SIGN_IDENTITY[sdk=iphoneos*]" = "iPhone Developer";
				COPY_PHASE_STRIP = NO;
				DEBUG_INFORMATION_FORMAT = dwarf;
				ENABLE_STRICT_OBJC_MSGSEND = YES;
				ENABLE_TESTABILITY = YES;
				GCC_C_LANGUAGE_STANDARD = gnu99;
				GCC_DYNAMIC_NO_PIC = NO;
				GCC_NO_COMMON_BLOCKS = YES;
				GCC_OPTIMIZATION_LEVEL = 0;
				GCC_PREPROCESSOR_DEFINITIONS = (
					"DEBUG=1",
					"$(inherited)",
				);
				GCC_WARN_64_TO_32_BIT_CONVERSION = YES;
				GCC_WARN_ABOUT_RETURN_TYPE = YES_ERROR;
				GCC_WARN_UNDECLARED_SELECTOR = YES;
				GCC_WARN_UNINITIALIZED_AUTOS = YES_AGGRESSIVE;
				GCC_WARN_UNUSED_FUNCTION = YES;
				GCC_WARN_UNUSED_VARIABLE = YES;
				IPHONEOS_DEPLOYMENT_TARGET = 9.3;
				MTL_ENABLE_DEBUG_INFO = YES;
				ONLY_ACTIVE_ARCH = YES;
				SDKROOT = iphoneos;
				SWIFT_OPTIMIZATION_LEVEL = "-Onone";
			};
			name = Debug;
		};
		0CAC7BF71CFE3ACF00B550D2 /* Release */ = {
			isa = XCBuildConfiguration;
			buildSettings = {
				ALWAYS_SEARCH_USER_PATHS = NO;
				CLANG_ANALYZER_NONNULL = YES;
				CLANG_CXX_LANGUAGE_STANDARD = "gnu++0x";
				CLANG_CXX_LIBRARY = "libc++";
				CLANG_ENABLE_MODULES = YES;
				CLANG_ENABLE_OBJC_ARC = YES;
				CLANG_WARN_BOOL_CONVERSION = YES;
				CLANG_WARN_CONSTANT_CONVERSION = YES;
				CLANG_WARN_DIRECT_OBJC_ISA_USAGE = YES_ERROR;
				CLANG_WARN_EMPTY_BODY = YES;
				CLANG_WARN_ENUM_CONVERSION = YES;
				CLANG_WARN_INT_CONVERSION = YES;
				CLANG_WARN_OBJC_ROOT_CLASS = YES_ERROR;
				CLANG_WARN_UNREACHABLE_CODE = YES;
				CLANG_WARN__DUPLICATE_METHOD_MATCH = YES;
				"CODE_SIGN_IDENTITY[sdk=iphoneos*]" = "iPhone Developer";
				COPY_PHASE_STRIP = NO;
				DEBUG_INFORMATION_FORMAT = "dwarf-with-dsym";
				ENABLE_NS_ASSERTIONS = NO;
				ENABLE_STRICT_OBJC_MSGSEND = YES;
				GCC_C_LANGUAGE_STANDARD = gnu99;
				GCC_NO_COMMON_BLOCKS = YES;
				GCC_WARN_64_TO_32_BIT_CONVERSION = YES;
				GCC_WARN_ABOUT_RETURN_TYPE = YES_ERROR;
				GCC_WARN_UNDECLARED_SELECTOR = YES;
				GCC_WARN_UNINITIALIZED_AUTOS = YES_AGGRESSIVE;
				GCC_WARN_UNUSED_FUNCTION = YES;
				GCC_WARN_UNUSED_VARIABLE = YES;
				IPHONEOS_DEPLOYMENT_TARGET = 9.3;
				MTL_ENABLE_DEBUG_INFO = NO;
				SDKROOT = iphoneos;
				VALIDATE_PRODUCT = YES;
			};
			name = Release;
		};
		0CAC7BF91CFE3ACF00B550D2 /* Debug */ = {
			isa = XCBuildConfiguration;
			buildSettings = {
				ASSETCATALOG_COMPILER_APPICON_NAME = AppIcon;
				CODE_SIGN_IDENTITY = "iPhone Developer";
				"CODE_SIGN_IDENTITY[sdk=iphoneos*]" = "iPhone Developer";
				INFOPLIST_FILE = Coolculator/Info.plist;
				LD_RUNPATH_SEARCH_PATHS = "$(inherited) @executable_path/Frameworks";
				PRODUCT_BUNDLE_IDENTIFIER = com.oren.aksakal.Coolculator;
				PRODUCT_NAME = "$(TARGET_NAME)";
				PROVISIONING_PROFILE = "";
			};
			name = Debug;
		};
		0CAC7BFA1CFE3ACF00B550D2 /* Release */ = {
			isa = XCBuildConfiguration;
			buildSettings = {
				ASSETCATALOG_COMPILER_APPICON_NAME = AppIcon;
				CODE_SIGN_IDENTITY = "iPhone Developer";
				"CODE_SIGN_IDENTITY[sdk=iphoneos*]" = "iPhone Developer";
				INFOPLIST_FILE = Coolculator/Info.plist;
				LD_RUNPATH_SEARCH_PATHS = "$(inherited) @executable_path/Frameworks";
				PRODUCT_BUNDLE_IDENTIFIER = com.oren.aksakal.Coolculator;
				PRODUCT_NAME = "$(TARGET_NAME)";
				PROVISIONING_PROFILE = "";
			};
			name = Release;
		};
		0CAC7BFC1CFE3ACF00B550D2 /* Debug */ = {
			isa = XCBuildConfiguration;
			buildSettings = {
				BUNDLE_LOADER = "$(TEST_HOST)";
				INFOPLIST_FILE = CoolculatorTests/Info.plist;
				LD_RUNPATH_SEARCH_PATHS = "$(inherited) @executable_path/Frameworks @loader_path/Frameworks";
				PRODUCT_BUNDLE_IDENTIFIER = com.oren.aksakal.CoolculatorTests;
				PRODUCT_NAME = "$(TARGET_NAME)";
				TEST_HOST = "$(BUILT_PRODUCTS_DIR)/Coolculator.app/Coolculator";
			};
			name = Debug;
		};
		0CAC7BFD1CFE3ACF00B550D2 /* Release */ = {
			isa = XCBuildConfiguration;
			buildSettings = {
				BUNDLE_LOADER = "$(TEST_HOST)";
				INFOPLIST_FILE = CoolculatorTests/Info.plist;
				LD_RUNPATH_SEARCH_PATHS = "$(inherited) @executable_path/Frameworks @loader_path/Frameworks";
				PRODUCT_BUNDLE_IDENTIFIER = com.oren.aksakal.CoolculatorTests;
				PRODUCT_NAME = "$(TARGET_NAME)";
				TEST_HOST = "$(BUILT_PRODUCTS_DIR)/Coolculator.app/Coolculator";
			};
			name = Release;
		};
		0CAC7BFF1CFE3ACF00B550D2 /* Debug */ = {
			isa = XCBuildConfiguration;
			buildSettings = {
				INFOPLIST_FILE = CoolculatorUITests/Info.plist;
				LD_RUNPATH_SEARCH_PATHS = "$(inherited) @executable_path/Frameworks @loader_path/Frameworks";
				PRODUCT_BUNDLE_IDENTIFIER = com.oren.aksakal.CoolculatorUITests;
				PRODUCT_NAME = "$(TARGET_NAME)";
				TEST_TARGET_NAME = Coolculator;
			};
			name = Debug;
		};
		0CAC7C001CFE3ACF00B550D2 /* Release */ = {
			isa = XCBuildConfiguration;
			buildSettings = {
				INFOPLIST_FILE = CoolculatorUITests/Info.plist;
				LD_RUNPATH_SEARCH_PATHS = "$(inherited) @executable_path/Frameworks @loader_path/Frameworks";
				PRODUCT_BUNDLE_IDENTIFIER = com.oren.aksakal.CoolculatorUITests;
				PRODUCT_NAME = "$(TARGET_NAME)";
				TEST_TARGET_NAME = Coolculator;
			};
			name = Release;
		};
/* End XCBuildConfiguration section */

/* Begin XCConfigurationList section */
		0CAC7BCB1CFE3ACE00B550D2 /* Build configuration list for PBXProject "Coolculator" */ = {
			isa = XCConfigurationList;
			buildConfigurations = (
				0CAC7BF61CFE3ACF00B550D2 /* Debug */,
				0CAC7BF71CFE3ACF00B550D2 /* Release */,
			);
			defaultConfigurationIsVisible = 0;
			defaultConfigurationName = Release;
		};
		0CAC7BF81CFE3ACF00B550D2 /* Build configuration list for PBXNativeTarget "Coolculator" */ = {
			isa = XCConfigurationList;
			buildConfigurations = (
				0CAC7BF91CFE3ACF00B550D2 /* Debug */,
				0CAC7BFA1CFE3ACF00B550D2 /* Release */,
			);
			defaultConfigurationIsVisible = 0;
		};
		0CAC7BFB1CFE3ACF00B550D2 /* Build configuration list for PBXNativeTarget "CoolculatorTests" */ = {
			isa = XCConfigurationList;
			buildConfigurations = (
				0CAC7BFC1CFE3ACF00B550D2 /* Debug */,
				0CAC7BFD1CFE3ACF00B550D2 /* Release */,
			);
			defaultConfigurationIsVisible = 0;
		};
		0CAC7BFE1CFE3ACF00B550D2 /* Build configuration list for PBXNativeTarget "CoolculatorUITests" */ = {
			isa = XCConfigurationList;
			buildConfigurations = (
				0CAC7BFF1CFE3ACF00B550D2 /* Debug */,
				0CAC7C001CFE3ACF00B550D2 /* Release */,
			);
			defaultConfigurationIsVisible = 0;
		};
/* End XCConfigurationList section */
	};
	rootObject = 0CAC7BC81CFE3ACE00B550D2 /* Project object */;
}
